
Microsoft Visual Studio Solution File, Format Version 12.00
# Visual Studio Version 17
VisualStudioVersion = 17.14.36310.24
MinimumVisualStudioVersion = 10.0.40219.1
Project("{FAE04EC0-301F-11D3-BF4B-00C04F79EFBC}") = "OwaspTool", "OwaspTool.csproj", "{5A2CF49E-89FE-431A-9DB1-AC11E382747C}"
EndProject
Global
	GlobalSection(SolutionConfigurationPlatforms) = preSolution
		Debug|Any CPU = Debug|Any CPU
		Release|Any CPU = Release|Any CPU
	EndGlobalSection
	GlobalSection(ProjectConfigurationPlatforms) = postSolution
		{5A2CF49E-89FE-431A-9DB1-AC11E382747C}.Debug|Any CPU.ActiveCfg = Debug|Any CPU
		{5A2CF49E-89FE-431A-9DB1-AC11E382747C}.Debug|Any CPU.Build.0 = Debug|Any CPU
		{5A2CF49E-89FE-431A-9DB1-AC11E382747C}.Release|Any CPU.ActiveCfg = Release|Any CPU
		{5A2CF49E-89FE-431A-9DB1-AC11E382747C}.Release|Any CPU.Build.0 = Release|Any CPU
	EndGlobalSection
	GlobalSection(SolutionProperties) = preSolution
		HideSolutionNode = FALSE
	EndGlobalSection
	GlobalSection(ExtensibilityGlobals) = postSolution
		SolutionGuid = {EA33DF4E-80D9-4D11-9AA1-23A314F6DA5B}
	EndGlobalSection
EndGlobal
